# Generated by pub
# See http://pub.dartlang.org/doc/glossary.html#lockfile
packages:
  args:
    description: args
    source: hosted
    version: "0.12.0+2"
  browser:
    description: browser
    source: hosted
    version: "0.10.0+2"
  collection:
    description: collection
    source: hosted
    version: "1.0.0"
  csv:
    description: csv
    source: hosted
    version: "2.0.1"
  meta:
    description: meta
    source: hosted
    version: "0.8.8"
  petitparser:
    description: petitparser
    source: hosted
    version: "1.2.2"
  qv_exp:
    description:
      path: "c:\\Projects\\qv_exp"
      relative: false
    source: path
    version: "0.1.4"
